// !$*UTF8*$!
{
	archiveVersion = 1;
	classes = {
	};
	objectVersion = 56;
	objects = {

/* Begin PBXBuildFile section */
		C817F62C2985177C00DB3E7F /* CityDetailsView.swift in Sources */ = {isa = PBXBuildFile; fileRef = C817F62B2985177C00DB3E7F /* CityDetailsView.swift */; };
		C8265AE52983A993002F9F2E /* Test_WeatherAppApp.swift in Sources */ = {isa = PBXBuildFile; fileRef = C8265AE42983A993002F9F2E /* Test_WeatherAppApp.swift */; };
		C8265AE72983A993002F9F2E /* ContentView.swift in Sources */ = {isa = PBXBuildFile; fileRef = C8265AE62983A993002F9F2E /* ContentView.swift */; };
		C8265AE92983A996002F9F2E /* Assets.xcassets in Resources */ = {isa = PBXBuildFile; fileRef = C8265AE82983A996002F9F2E /* Assets.xcassets */; };
		C8265AEC2983A996002F9F2E /* Preview Assets.xcassets in Resources */ = {isa = PBXBuildFile; fileRef = C8265AEB2983A996002F9F2E /* Preview Assets.xcassets */; };
		C82D02842985A2F3005AFD9B /* TimeCell.swift in Sources */ = {isa = PBXBuildFile; fileRef = C82D02832985A2F3005AFD9B /* TimeCell.swift */; };
		C82D0291298663AE005AFD9B /* ContentView_ViewModel.swift in Sources */ = {isa = PBXBuildFile; fileRef = C82D0290298663AE005AFD9B /* ContentView_ViewModel.swift */; };
		C82D02932986655A005AFD9B /* CityRow_ViewModel.swift in Sources */ = {isa = PBXBuildFile; fileRef = C82D02922986655A005AFD9B /* CityRow_ViewModel.swift */; };
		C82D0295298665D2005AFD9B /* DateManager.swift in Sources */ = {isa = PBXBuildFile; fileRef = C82D0294298665D2005AFD9B /* DateManager.swift */; };
		C82D029729866731005AFD9B /* TimeCell_ViewModel.swift in Sources */ = {isa = PBXBuildFile; fileRef = C82D029629866731005AFD9B /* TimeCell_ViewModel.swift */; };
		C82D029E2986A499005AFD9B /* CLLocationExtension.swift in Sources */ = {isa = PBXBuildFile; fileRef = C82D029D2986A499005AFD9B /* CLLocationExtension.swift */; };
		C82D02A02986A4F0005AFD9B /* LocationManager.swift in Sources */ = {isa = PBXBuildFile; fileRef = C82D029F2986A4F0005AFD9B /* LocationManager.swift */; };
		C82D02A22986ABBF005AFD9B /* CityDetailsView_ViewModel.swift in Sources */ = {isa = PBXBuildFile; fileRef = C82D02A12986ABBF005AFD9B /* CityDetailsView_ViewModel.swift */; };
		C82D02A42986AE4F005AFD9B /* RequestManager.swift in Sources */ = {isa = PBXBuildFile; fileRef = C82D02A32986AE4F005AFD9B /* RequestManager.swift */; };
		C82D02A62986B178005AFD9B /* URLExtension.swift in Sources */ = {isa = PBXBuildFile; fileRef = C82D02A52986B178005AFD9B /* URLExtension.swift */; };
		C82D02A82986D4E5005AFD9B /* Endpoint.swift in Sources */ = {isa = PBXBuildFile; fileRef = C82D02A72986D4E5005AFD9B /* Endpoint.swift */; };
		C82D02AA2986D508005AFD9B /* URLSessionExtension.swift in Sources */ = {isa = PBXBuildFile; fileRef = C82D02A92986D508005AFD9B /* URLSessionExtension.swift */; };
		C82D02AD2986D7E9005AFD9B /* API.swift in Sources */ = {isa = PBXBuildFile; fileRef = C82D02AC2986D7E9005AFD9B /* API.swift */; };
		C82D02B129870EE0005AFD9B /* Response.swift in Sources */ = {isa = PBXBuildFile; fileRef = C82D02B029870EE0005AFD9B /* Response.swift */; };
		C82D02C2298780F0005AFD9B /* ObjectSavableError.swift in Sources */ = {isa = PBXBuildFile; fileRef = C82D02C1298780F0005AFD9B /* ObjectSavableError.swift */; };
		C82D02C42987815F005AFD9B /* DecodingError.swift in Sources */ = {isa = PBXBuildFile; fileRef = C82D02C32987815F005AFD9B /* DecodingError.swift */; };
		C82D02C629878252005AFD9B /* Mapper.swift in Sources */ = {isa = PBXBuildFile; fileRef = C82D02C529878252005AFD9B /* Mapper.swift */; };
		C8AC3A9F29841DDE00FE4EA1 /* CityRow.swift in Sources */ = {isa = PBXBuildFile; fileRef = C8AC3A9E29841DDE00FE4EA1 /* CityRow.swift */; };
		C8AC3AA129841DF600FE4EA1 /* MainCityHeader.swift in Sources */ = {isa = PBXBuildFile; fileRef = C8AC3AA029841DF600FE4EA1 /* MainCityHeader.swift */; };
		C8AC3AA329841E2600FE4EA1 /* WeatherDataManager.swift in Sources */ = {isa = PBXBuildFile; fileRef = C8AC3AA229841E2600FE4EA1 /* WeatherDataManager.swift */; };
		C8D911EB29883F1B006EC92F /* ResponseHourly.swift in Sources */ = {isa = PBXBuildFile; fileRef = C8D911EA29883F1B006EC92F /* ResponseHourly.swift */; };
/* End PBXBuildFile section */

/* Begin PBXFileReference section */
		C817F62B2985177C00DB3E7F /* CityDetailsView.swift */ = {isa = PBXFileReference; lastKnownFileType = sourcecode.swift; path = CityDetailsView.swift; sourceTree = "<group>"; };
		C8265AE12983A993002F9F2E /* Test_WeatherApp.app */ = {isa = PBXFileReference; explicitFileType = wrapper.application; includeInIndex = 0; path = Test_WeatherApp.app; sourceTree = BUILT_PRODUCTS_DIR; };
		C8265AE42983A993002F9F2E /* Test_WeatherAppApp.swift */ = {isa = PBXFileReference; lastKnownFileType = sourcecode.swift; path = Test_WeatherAppApp.swift; sourceTree = "<group>"; };
		C8265AE62983A993002F9F2E /* ContentView.swift */ = {isa = PBXFileReference; lastKnownFileType = sourcecode.swift; path = ContentView.swift; sourceTree = "<group>"; };
		C8265AE82983A996002F9F2E /* Assets.xcassets */ = {isa = PBXFileReference; lastKnownFileType = folder.assetcatalog; path = Assets.xcassets; sourceTree = "<group>"; };
		C8265AEB2983A996002F9F2E /* Preview Assets.xcassets */ = {isa = PBXFileReference; lastKnownFileType = folder.assetcatalog; path = "Preview Assets.xcassets"; sourceTree = "<group>"; };
		C8265AF22983D8A5002F9F2E /* Test-WeatherApp-Info.plist */ = {isa = PBXFileReference; lastKnownFileType = text.plist; path = "Test-WeatherApp-Info.plist"; sourceTree = SOURCE_ROOT; };
		C82D02832985A2F3005AFD9B /* TimeCell.swift */ = {isa = PBXFileReference; lastKnownFileType = sourcecode.swift; path = TimeCell.swift; sourceTree = "<group>"; };
		C82D0290298663AE005AFD9B /* ContentView_ViewModel.swift */ = {isa = PBXFileReference; lastKnownFileType = sourcecode.swift; path = ContentView_ViewModel.swift; sourceTree = "<group>"; };
		C82D02922986655A005AFD9B /* CityRow_ViewModel.swift */ = {isa = PBXFileReference; lastKnownFileType = sourcecode.swift; path = CityRow_ViewModel.swift; sourceTree = "<group>"; };
		C82D0294298665D2005AFD9B /* DateManager.swift */ = {isa = PBXFileReference; lastKnownFileType = sourcecode.swift; path = DateManager.swift; sourceTree = "<group>"; };
		C82D029629866731005AFD9B /* TimeCell_ViewModel.swift */ = {isa = PBXFileReference; lastKnownFileType = sourcecode.swift; path = TimeCell_ViewModel.swift; sourceTree = "<group>"; };
		C82D029D2986A499005AFD9B /* CLLocationExtension.swift */ = {isa = PBXFileReference; lastKnownFileType = sourcecode.swift; path = CLLocationExtension.swift; sourceTree = "<group>"; };
		C82D029F2986A4F0005AFD9B /* LocationManager.swift */ = {isa = PBXFileReference; lastKnownFileType = sourcecode.swift; path = LocationManager.swift; sourceTree = "<group>"; };
		C82D02A12986ABBF005AFD9B /* CityDetailsView_ViewModel.swift */ = {isa = PBXFileReference; lastKnownFileType = sourcecode.swift; path = CityDetailsView_ViewModel.swift; sourceTree = "<group>"; };
		C82D02A32986AE4F005AFD9B /* RequestManager.swift */ = {isa = PBXFileReference; lastKnownFileType = sourcecode.swift; path = RequestManager.swift; sourceTree = "<group>"; };
		C82D02A52986B178005AFD9B /* URLExtension.swift */ = {isa = PBXFileReference; lastKnownFileType = sourcecode.swift; path = URLExtension.swift; sourceTree = "<group>"; };
		C82D02A72986D4E5005AFD9B /* Endpoint.swift */ = {isa = PBXFileReference; lastKnownFileType = sourcecode.swift; path = Endpoint.swift; sourceTree = "<group>"; };
		C82D02A92986D508005AFD9B /* URLSessionExtension.swift */ = {isa = PBXFileReference; lastKnownFileType = sourcecode.swift; path = URLSessionExtension.swift; sourceTree = "<group>"; };
		C82D02AC2986D7E9005AFD9B /* API.swift */ = {isa = PBXFileReference; lastKnownFileType = sourcecode.swift; path = API.swift; sourceTree = "<group>"; };
		C82D02B029870EE0005AFD9B /* Response.swift */ = {isa = PBXFileReference; lastKnownFileType = sourcecode.swift; path = Response.swift; sourceTree = "<group>"; };
		C82D02C1298780F0005AFD9B /* ObjectSavableError.swift */ = {isa = PBXFileReference; lastKnownFileType = sourcecode.swift; path = ObjectSavableError.swift; sourceTree = "<group>"; };
		C82D02C32987815F005AFD9B /* DecodingError.swift */ = {isa = PBXFileReference; lastKnownFileType = sourcecode.swift; path = DecodingError.swift; sourceTree = "<group>"; };
		C82D02C529878252005AFD9B /* Mapper.swift */ = {isa = PBXFileReference; lastKnownFileType = sourcecode.swift; path = Mapper.swift; sourceTree = "<group>"; };
		C8AC3A9E29841DDE00FE4EA1 /* CityRow.swift */ = {isa = PBXFileReference; lastKnownFileType = sourcecode.swift; path = CityRow.swift; sourceTree = "<group>"; };
		C8AC3AA029841DF600FE4EA1 /* MainCityHeader.swift */ = {isa = PBXFileReference; lastKnownFileType = sourcecode.swift; path = MainCityHeader.swift; sourceTree = "<group>"; };
		C8AC3AA229841E2600FE4EA1 /* WeatherDataManager.swift */ = {isa = PBXFileReference; lastKnownFileType = sourcecode.swift; path = WeatherDataManager.swift; sourceTree = "<group>"; };
		C8D911EA29883F1B006EC92F /* ResponseHourly.swift */ = {isa = PBXFileReference; lastKnownFileType = sourcecode.swift; path = ResponseHourly.swift; sourceTree = "<group>"; };
/* End PBXFileReference section */

/* Begin PBXFrameworksBuildPhase section */
		C8265ADE2983A993002F9F2E /* Frameworks */ = {
			isa = PBXFrameworksBuildPhase;
			buildActionMask = 2147483647;
			files = (
			);
			runOnlyForDeploymentPostprocessing = 0;
		};
/* End PBXFrameworksBuildPhase section */

/* Begin PBXGroup section */
		C8265AD82983A993002F9F2E = {
			isa = PBXGroup;
			children = (
				C8265AE32983A993002F9F2E /* Test_WeatherApp */,
				C8265AE22983A993002F9F2E /* Products */,
			);
			sourceTree = "<group>";
		};
		C8265AE22983A993002F9F2E /* Products */ = {
			isa = PBXGroup;
			children = (
				C8265AE12983A993002F9F2E /* Test_WeatherApp.app */,
			);
			name = Products;
			sourceTree = "<group>";
		};
		C8265AE32983A993002F9F2E /* Test_WeatherApp */ = {
			isa = PBXGroup;
			children = (
				C82D02AB2986D520005AFD9B /* API */,
				C82D029C2986A47C005AFD9B /* Extensions */,
				C82D028C29864C7F005AFD9B /* Managers */,
				C82D028F29864CDC005AFD9B /* Model */,
				C82D028E29864CD0005AFD9B /* View */,
				C82D028D29864C90005AFD9B /* ViewModel */,
				C8265AF22983D8A5002F9F2E /* Test-WeatherApp-Info.plist */,
				C8265AE42983A993002F9F2E /* Test_WeatherAppApp.swift */,
				C8265AE62983A993002F9F2E /* ContentView.swift */,
				C8265AE82983A996002F9F2E /* Assets.xcassets */,
				C8265AEA2983A996002F9F2E /* Preview Content */,
			);
			path = Test_WeatherApp;
			sourceTree = "<group>";
		};
		C8265AEA2983A996002F9F2E /* Preview Content */ = {
			isa = PBXGroup;
			children = (
				C8265AEB2983A996002F9F2E /* Preview Assets.xcassets */,
			);
			path = "Preview Content";
			sourceTree = "<group>";
		};
		C82D028C29864C7F005AFD9B /* Managers */ = {
			isa = PBXGroup;
			children = (
				C8AC3AA229841E2600FE4EA1 /* WeatherDataManager.swift */,
				C82D0294298665D2005AFD9B /* DateManager.swift */,
				C82D029F2986A4F0005AFD9B /* LocationManager.swift */,
				C82D02A32986AE4F005AFD9B /* RequestManager.swift */,
				C82D02C529878252005AFD9B /* Mapper.swift */,
			);
			path = Managers;
			sourceTree = "<group>";
		};
		C82D028D29864C90005AFD9B /* ViewModel */ = {
			isa = PBXGroup;
			children = (
				C82D0290298663AE005AFD9B /* ContentView_ViewModel.swift */,
				C82D02922986655A005AFD9B /* CityRow_ViewModel.swift */,
				C82D029629866731005AFD9B /* TimeCell_ViewModel.swift */,
				C82D02A12986ABBF005AFD9B /* CityDetailsView_ViewModel.swift */,
			);
			path = ViewModel;
			sourceTree = "<group>";
		};
		C82D028E29864CD0005AFD9B /* View */ = {
			isa = PBXGroup;
			children = (
				C8AC3A9E29841DDE00FE4EA1 /* CityRow.swift */,
				C8AC3AA029841DF600FE4EA1 /* MainCityHeader.swift */,
				C82D02832985A2F3005AFD9B /* TimeCell.swift */,
				C817F62B2985177C00DB3E7F /* CityDetailsView.swift */,
			);
			path = View;
			sourceTree = "<group>";
		};
		C82D028F29864CDC005AFD9B /* Model */ = {
			isa = PBXGroup;
			children = (
				C82D02B029870EE0005AFD9B /* Response.swift */,
				C8D911EA29883F1B006EC92F /* ResponseHourly.swift */,
			);
			path = Model;
			sourceTree = "<group>";
		};
		C82D029C2986A47C005AFD9B /* Extensions */ = {
			isa = PBXGroup;
			children = (
				C82D02C0298780D8005AFD9B /* Errors */,
				C82D029D2986A499005AFD9B /* CLLocationExtension.swift */,
				C82D02A52986B178005AFD9B /* URLExtension.swift */,
				C82D02A92986D508005AFD9B /* URLSessionExtension.swift */,
			);
			path = Extensions;
			sourceTree = "<group>";
		};
		C82D02AB2986D520005AFD9B /* API */ = {
			isa = PBXGroup;
			children = (
				C82D02A72986D4E5005AFD9B /* Endpoint.swift */,
				C82D02AC2986D7E9005AFD9B /* API.swift */,
			);
			path = API;
			sourceTree = "<group>";
		};
		C82D02C0298780D8005AFD9B /* Errors */ = {
			isa = PBXGroup;
			children = (
				C82D02C1298780F0005AFD9B /* ObjectSavableError.swift */,
				C82D02C32987815F005AFD9B /* DecodingError.swift */,
			);
			path = Errors;
			sourceTree = "<group>";
		};
/* End PBXGroup section */

/* Begin PBXNativeTarget section */
		C8265AE02983A993002F9F2E /* Test_WeatherApp */ = {
			isa = PBXNativeTarget;
			buildConfigurationList = C8265AEF2983A996002F9F2E /* Build configuration list for PBXNativeTarget "Test_WeatherApp" */;
			buildPhases = (
				C8265ADD2983A993002F9F2E /* Sources */,
				C8265ADE2983A993002F9F2E /* Frameworks */,
				C8265ADF2983A993002F9F2E /* Resources */,
			);
			buildRules = (
			);
			dependencies = (
			);
			name = Test_WeatherApp;
			productName = Test_WeatherApp;
			productReference = C8265AE12983A993002F9F2E /* Test_WeatherApp.app */;
			productType = "com.apple.product-type.application";
		};
/* End PBXNativeTarget section */

/* Begin PBXProject section */
		C8265AD92983A993002F9F2E /* Project object */ = {
			isa = PBXProject;
			attributes = {
				BuildIndependentTargetsInParallel = 1;
				LastSwiftUpdateCheck = 1420;
				LastUpgradeCheck = 1420;
				TargetAttributes = {
					C8265AE02983A993002F9F2E = {
						CreatedOnToolsVersion = 14.2;
					};
				};
			};
			buildConfigurationList = C8265ADC2983A993002F9F2E /* Build configuration list for PBXProject "Test_WeatherApp" */;
			compatibilityVersion = "Xcode 14.0";
			developmentRegion = en;
			hasScannedForEncodings = 0;
			knownRegions = (
				en,
				Base,
			);
			mainGroup = C8265AD82983A993002F9F2E;
			productRefGroup = C8265AE22983A993002F9F2E /* Products */;
			projectDirPath = "";
			projectRoot = "";
			targets = (
				C8265AE02983A993002F9F2E /* Test_WeatherApp */,
			);
		};
/* End PBXProject section */

/* Begin PBXResourcesBuildPhase section */
		C8265ADF2983A993002F9F2E /* Resources */ = {
			isa = PBXResourcesBuildPhase;
			buildActionMask = 2147483647;
			files = (
				C8265AEC2983A996002F9F2E /* Preview Assets.xcassets in Resources */,
				C8265AE92983A996002F9F2E /* Assets.xcassets in Resources */,
			);
			runOnlyForDeploymentPostprocessing = 0;
		};
/* End PBXResourcesBuildPhase section */

/* Begin PBXSourcesBuildPhase section */
		C8265ADD2983A993002F9F2E /* Sources */ = {
			isa = PBXSourcesBuildPhase;
			buildActionMask = 2147483647;
			files = (
				C817F62C2985177C00DB3E7F /* CityDetailsView.swift in Sources */,
				C82D029E2986A499005AFD9B /* CLLocationExtension.swift in Sources */,
				C82D02A22986ABBF005AFD9B /* CityDetailsView_ViewModel.swift in Sources */,
				C82D02A42986AE4F005AFD9B /* RequestManager.swift in Sources */,
				C82D02C629878252005AFD9B /* Mapper.swift in Sources */,
				C82D0295298665D2005AFD9B /* DateManager.swift in Sources */,
				C82D02842985A2F3005AFD9B /* TimeCell.swift in Sources */,
				C8265AE72983A993002F9F2E /* ContentView.swift in Sources */,
				C82D02C2298780F0005AFD9B /* ObjectSavableError.swift in Sources */,
				C8D911EB29883F1B006EC92F /* ResponseHourly.swift in Sources */,
				C82D029729866731005AFD9B /* TimeCell_ViewModel.swift in Sources */,
				C8265AE52983A993002F9F2E /* Test_WeatherAppApp.swift in Sources */,
				C82D02A82986D4E5005AFD9B /* Endpoint.swift in Sources */,
				C82D02C42987815F005AFD9B /* DecodingError.swift in Sources */,
				C8AC3AA129841DF600FE4EA1 /* MainCityHeader.swift in Sources */,
				C82D02932986655A005AFD9B /* CityRow_ViewModel.swift in Sources */,
				C82D02A62986B178005AFD9B /* URLExtension.swift in Sources */,
				C82D02AD2986D7E9005AFD9B /* API.swift in Sources */,
				C82D02AA2986D508005AFD9B /* URLSessionExtension.swift in Sources */,
				C82D02A02986A4F0005AFD9B /* LocationManager.swift in Sources */,
				C82D02B129870EE0005AFD9B /* Response.swift in Sources */,
				C8AC3A9F29841DDE00FE4EA1 /* CityRow.swift in Sources */,
				C8AC3AA329841E2600FE4EA1 /* WeatherDataManager.swift in Sources */,
				C82D0291298663AE005AFD9B /* ContentView_ViewModel.swift in Sources */,
			);
			runOnlyForDeploymentPostprocessing = 0;
		};
/* End PBXSourcesBuildPhase section */

/* Begin XCBuildConfiguration section */
		C8265AED2983A996002F9F2E /* Debug */ = {
			isa = XCBuildConfiguration;
			buildSettings = {
				ALWAYS_SEARCH_USER_PATHS = NO;
				CLANG_ANALYZER_NONNULL = YES;
				CLANG_ANALYZER_NUMBER_OBJECT_CONVERSION = YES_AGGRESSIVE;
				CLANG_CXX_LANGUAGE_STANDARD = "gnu++20";
				CLANG_ENABLE_MODULES = YES;
				CLANG_ENABLE_OBJC_ARC = YES;
				CLANG_ENABLE_OBJC_WEAK = YES;
				CLANG_WARN_BLOCK_CAPTURE_AUTORELEASING = YES;
				CLANG_WARN_BOOL_CONVERSION = YES;
				CLANG_WARN_COMMA = YES;
				CLANG_WARN_CONSTANT_CONVERSION = YES;
				CLANG_WARN_DEPRECATED_OBJC_IMPLEMENTATIONS = YES;
				CLANG_WARN_DIRECT_OBJC_ISA_USAGE = YES_ERROR;
				CLANG_WARN_DOCUMENTATION_COMMENTS = YES;
				CLANG_WARN_EMPTY_BODY = YES;
				CLANG_WARN_ENUM_CONVERSION = YES;
				CLANG_WARN_INFINITE_RECURSION = YES;
				CLANG_WARN_INT_CONVERSION = YES;
				CLANG_WARN_NON_LITERAL_NULL_CONVERSION = YES;
				CLANG_WARN_OBJC_IMPLICIT_RETAIN_SELF = YES;
				CLANG_WARN_OBJC_LITERAL_CONVERSION = YES;
				CLANG_WARN_OBJC_ROOT_CLASS = YES_ERROR;
				CLANG_WARN_QUOTED_INCLUDE_IN_FRAMEWORK_HEADER = YES;
				CLANG_WARN_RANGE_LOOP_ANALYSIS = YES;
				CLANG_WARN_STRICT_PROTOTYPES = YES;
				CLANG_WARN_SUSPICIOUS_MOVE = YES;
				CLANG_WARN_UNGUARDED_AVAILABILITY = YES_AGGRESSIVE;
				CLANG_WARN_UNREACHABLE_CODE = YES;
				CLANG_WARN__DUPLICATE_METHOD_MATCH = YES;
				COPY_PHASE_STRIP = NO;
				DEBUG_INFORMATION_FORMAT = dwarf;
				ENABLE_STRICT_OBJC_MSGSEND = YES;
				ENABLE_TESTABILITY = YES;
				GCC_C_LANGUAGE_STANDARD = gnu11;
				GCC_DYNAMIC_NO_PIC = NO;
				GCC_NO_COMMON_BLOCKS = YES;
				GCC_OPTIMIZATION_LEVEL = 0;
				GCC_PREPROCESSOR_DEFINITIONS = (
					"DEBUG=1",
					"$(inherited)",
				);
				GCC_WARN_64_TO_32_BIT_CONVERSION = YES;
				GCC_WARN_ABOUT_RETURN_TYPE = YES_ERROR;
				GCC_WARN_UNDECLARED_SELECTOR = YES;
				GCC_WARN_UNINITIALIZED_AUTOS = YES_AGGRESSIVE;
				GCC_WARN_UNUSED_FUNCTION = YES;
				GCC_WARN_UNUSED_VARIABLE = YES;
				IPHONEOS_DEPLOYMENT_TARGET = 16.2;
				MTL_ENABLE_DEBUG_INFO = INCLUDE_SOURCE;
				MTL_FAST_MATH = YES;
				ONLY_ACTIVE_ARCH = YES;
				SDKROOT = iphoneos;
				SWIFT_ACTIVE_COMPILATION_CONDITIONS = DEBUG;
				SWIFT_OPTIMIZATION_LEVEL = "-Onone";
			};
			name = Debug;
		};
		C8265AEE2983A996002F9F2E /* Release */ = {
			isa = XCBuildConfiguration;
			buildSettings = {
				ALWAYS_SEARCH_USER_PATHS = NO;
				CLANG_ANALYZER_NONNULL = YES;
				CLANG_ANALYZER_NUMBER_OBJECT_CONVERSION = YES_AGGRESSIVE;
				CLANG_CXX_LANGUAGE_STANDARD = "gnu++20";
				CLANG_ENABLE_MODULES = YES;
				CLANG_ENABLE_OBJC_ARC = YES;
				CLANG_ENABLE_OBJC_WEAK = YES;
				CLANG_WARN_BLOCK_CAPTURE_AUTORELEASING = YES;
				CLANG_WARN_BOOL_CONVERSION = YES;
				CLANG_WARN_COMMA = YES;
				CLANG_WARN_CONSTANT_CONVERSION = YES;
				CLANG_WARN_DEPRECATED_OBJC_IMPLEMENTATIONS = YES;
				CLANG_WARN_DIRECT_OBJC_ISA_USAGE = YES_ERROR;
				CLANG_WARN_DOCUMENTATION_COMMENTS = YES;
				CLANG_WARN_EMPTY_BODY = YES;
				CLANG_WARN_ENUM_CONVERSION = YES;
				CLANG_WARN_INFINITE_RECURSION = YES;
				CLANG_WARN_INT_CONVERSION = YES;
				CLANG_WARN_NON_LITERAL_NULL_CONVERSION = YES;
				CLANG_WARN_OBJC_IMPLICIT_RETAIN_SELF = YES;
				CLANG_WARN_OBJC_LITERAL_CONVERSION = YES;
				CLANG_WARN_OBJC_ROOT_CLASS = YES_ERROR;
				CLANG_WARN_QUOTED_INCLUDE_IN_FRAMEWORK_HEADER = YES;
				CLANG_WARN_RANGE_LOOP_ANALYSIS = YES;
				CLANG_WARN_STRICT_PROTOTYPES = YES;
				CLANG_WARN_SUSPICIOUS_MOVE = YES;
				CLANG_WARN_UNGUARDED_AVAILABILITY = YES_AGGRESSIVE;
				CLANG_WARN_UNREACHABLE_CODE = YES;
				CLANG_WARN__DUPLICATE_METHOD_MATCH = YES;
				COPY_PHASE_STRIP = NO;
				DEBUG_INFORMATION_FORMAT = "dwarf-with-dsym";
				ENABLE_NS_ASSERTIONS = NO;
				ENABLE_STRICT_OBJC_MSGSEND = YES;
				GCC_C_LANGUAGE_STANDARD = gnu11;
				GCC_NO_COMMON_BLOCKS = YES;
				GCC_WARN_64_TO_32_BIT_CONVERSION = YES;
				GCC_WARN_ABOUT_RETURN_TYPE = YES_ERROR;
				GCC_WARN_UNDECLARED_SELECTOR = YES;
				GCC_WARN_UNINITIALIZED_AUTOS = YES_AGGRESSIVE;
				GCC_WARN_UNUSED_FUNCTION = YES;
				GCC_WARN_UNUSED_VARIABLE = YES;
				IPHONEOS_DEPLOYMENT_TARGET = 16.2;
				MTL_ENABLE_DEBUG_INFO = NO;
				MTL_FAST_MATH = YES;
				SDKROOT = iphoneos;
				SWIFT_COMPILATION_MODE = wholemodule;
				SWIFT_OPTIMIZATION_LEVEL = "-O";
				VALIDATE_PRODUCT = YES;
			};
			name = Release;
		};
		C8265AF02983A996002F9F2E /* Debug */ = {
			isa = XCBuildConfiguration;
			buildSettings = {
				ASSETCATALOG_COMPILER_APPICON_NAME = AppIcon;
				ASSETCATALOG_COMPILER_GLOBAL_ACCENT_COLOR_NAME = AccentColor;
				CODE_SIGN_STYLE = Automatic;
				CURRENT_PROJECT_VERSION = 1;
				DEVELOPMENT_ASSET_PATHS = "\"Test_WeatherApp/Preview Content\"";
				DEVELOPMENT_TEAM = Z36VGA9KK8;
				ENABLE_PREVIEWS = YES;
				GENERATE_INFOPLIST_FILE = YES;
				INFOPLIST_FILE = "Test-WeatherApp-Info.plist";
				INFOPLIST_KEY_NSLocationWhenInUseUsageDescription = "We want to access your location";
				INFOPLIST_KEY_UIApplicationSceneManifest_Generation = YES;
				INFOPLIST_KEY_UIApplicationSupportsIndirectInputEvents = YES;
				INFOPLIST_KEY_UISupportedInterfaceOrientations_iPad = "UIInterfaceOrientationPortrait UIInterfaceOrientationPortraitUpsideDown UIInterfaceOrientationLandscapeLeft UIInterfaceOrientationLandscapeRight";
				INFOPLIST_KEY_UISupportedInterfaceOrientations_iPhone = "UIInterfaceOrientationPortrait UIInterfaceOrientationLandscapeLeft UIInterfaceOrientationLandscapeRight";
				LD_RUNPATH_SEARCH_PATHS = (
					"$(inherited)",
					"@executable_path/Frameworks",
				);
				MARKETING_VERSION = 1.0;
				PRODUCT_BUNDLE_IDENTIFIER = "coolrepka.Test-WeatherApp";
				PRODUCT_NAME = "$(TARGET_NAME)";
				SWIFT_EMIT_LOC_STRINGS = YES;
				SWIFT_VERSION = 5.0;
				TARGETED_DEVICE_FAMILY = "1,2";
			};
			name = Debug;
		};
		C8265AF12983A996002F9F2E /* Release */ = {
			isa = XCBuildConfiguration;
			buildSettings = {
				ASSETCATALOG_COMPILER_APPICON_NAME = AppIcon;
				ASSETCATALOG_COMPILER_GLOBAL_ACCENT_COLOR_NAME = AccentColor;
				CODE_SIGN_STYLE = Automatic;
				CURRENT_PROJECT_VERSION = 1;
				DEVELOPMENT_ASSET_PATHS = "\"Test_WeatherApp/Preview Content\"";
				DEVELOPMENT_TEAM = Z36VGA9KK8;
				ENABLE_PREVIEWS = YES;
				GENERATE_INFOPLIST_FILE = YES;
				INFOPLIST_FILE = "Test-WeatherApp-Info.plist";
				INFOPLIST_KEY_NSLocationWhenInUseUsageDescription = "We want to access your location";
				INFOPLIST_KEY_UIApplicationSceneManifest_Generation = YES;
				INFOPLIST_KEY_UIApplicationSupportsIndirectInputEvents = YES;
				INFOPLIST_KEY_UISupportedInterfaceOrientations_iPad = "UIInterfaceOrientationPortrait UIInterfaceOrientationPortraitUpsideDown UIInterfaceOrientationLandscapeLeft UIInterfaceOrientationLandscapeRight";
				INFOPLIST_KEY_UISupportedInterfaceOrientations_iPhone = "UIInterfaceOrientationPortrait UIInterfaceOrientationLandscapeLeft UIInterfaceOrientationLandscapeRight";
				LD_RUNPATH_SEARCH_PATHS = (
					"$(inherited)",
					"@executable_path/Frameworks",
				);
				MARKETING_VERSION = 1.0;
				PRODUCT_BUNDLE_IDENTIFIER = "coolrepka.Test-WeatherApp";
				PRODUCT_NAME = "$(TARGET_NAME)";
				SWIFT_EMIT_LOC_STRINGS = YES;
				SWIFT_VERSION = 5.0;
				TARGETED_DEVICE_FAMILY = "1,2";
			};
			name = Release;
		};
/* End XCBuildConfiguration section */

/* Begin XCConfigurationList section */
		C8265ADC2983A993002F9F2E /* Build configuration list for PBXProject "Test_WeatherApp" */ = {
			isa = XCConfigurationList;
			buildConfigurations = (
				C8265AED2983A996002F9F2E /* Debug */,
				C8265AEE2983A996002F9F2E /* Release */,
			);
			defaultConfigurationIsVisible = 0;
			defaultConfigurationName = Release;
		};
		C8265AEF2983A996002F9F2E /* Build configuration list for PBXNativeTarget "Test_WeatherApp" */ = {
			isa = XCConfigurationList;
			buildConfigurations = (
				C8265AF02983A996002F9F2E /* Debug */,
				C8265AF12983A996002F9F2E /* Release */,
			);
			defaultConfigurationIsVisible = 0;
			defaultConfigurationName = Release;
		};
/* End XCConfigurationList section */
	};
	rootObject = C8265AD92983A993002F9F2E /* Project object */;
}
